{
  "object": {
    "pins": [
      {
        "package": "SwifTEA",
        "repositoryURL": "https://github.com/weegigs/swiftea.git",
        "state": {
          "branch": null,
          "revision": "df34f802b06e396cfcc2a79152698c3edb509777",
          "version": "0.14.0"
        }
      }
    ]
  },
  "version": 1
}
