{
  "object": {
    "pins": [
      {
        "package": "WeeDux",
        "repositoryURL": "https://github.com/weegigs/weedux.git",
        "state": {
          "branch": null,
          "revision": "9df335748a567167366c9bc1b5662efbf386596a",
          "version": "0.12.1"
        }
      }
    ]
  },
  "version": 1
}
