{
  "object": {
    "pins": [
      {
        "package": "SwifTEA",
        "repositoryURL": "https://github.com/weegigs/swiftea.git",
        "state": {
          "branch": null,
          "revision": "b46343d4105291b8faac6af5b78b03870e5cfb6b",
          "version": "0.13.0"
        }
      }
    ]
  },
  "version": 1
}
